
Microsoft Visual Studio Solution File, Format Version 12.00
# Visual Studio Version 17
VisualStudioVersion = 17.0.31903.59
MinimumVisualStudioVersion = 10.0.40219.1
Project("{FAE04EC0-301F-11D3-BF4B-00C04F79EFBC}") = "FraudDetection.Domain", "FraudDetection.Domain\FraudDetection.Domain.csproj", "{6A0B98EF-1902-4CA9-B19A-DFD6B432E115}"
EndProject
Project("{FAE04EC0-301F-11D3-BF4B-00C04F79EFBC}") = "FraudDetection.Application", "FraudDetection.Application\FraudDetection.Application.csproj", "{DAEA5441-8727-4E12-BF10-109F47432DDA}"
EndProject
Project("{FAE04EC0-301F-11D3-BF4B-00C04F79EFBC}") = "FraudDetection.Infrastructure", "FraudDetection.Infrastructure\FraudDetection.Infrastructure.csproj", "{C3FE3A9F-E7F9-486D-AC4C-86543DAA4445}"
EndProject
Project("{FAE04EC0-301F-11D3-BF4B-00C04F79EFBC}") = "FraudDetection.API", "FraudDetection.API\FraudDetection.API.csproj", "{C0E95DA8-7626-4FF2-AFE6-306D5528BA2C}"
EndProject
Project("{FAE04EC0-301F-11D3-BF4B-00C04F79EFBC}") = "FraudDetection.Contracts", "FraudDetection.Contracts\FraudDetection.Contracts.csproj", "{2925D466-2B12-462D-AB72-A206452C1463}"
EndProject
Project("{FAE04EC0-301F-11D3-BF4B-00C04F79EFBC}") = "FraudDetection.Domain.UnitTests", "FraudDetection.Domain.UnitTests\FraudDetection.Domain.UnitTests.csproj", "{6D5E4CD4-B0A4-455D-AE7E-4B45D3FCCD26}"
EndProject
Project("{FAE04EC0-301F-11D3-BF4B-00C04F79EFBC}") = "FraudDetection.Application.UnitTests", "FraudDetection.Application.UnitTests\FraudDetection.Application.UnitTests.csproj", "{C35BFBB9-5B69-47D3-A7F6-91445C1D1E7A}"
EndProject
Global
	GlobalSection(SolutionConfigurationPlatforms) = preSolution
		Debug|Any CPU = Debug|Any CPU
		Debug|x64 = Debug|x64
		Debug|x86 = Debug|x86
		Release|Any CPU = Release|Any CPU
		Release|x64 = Release|x64
		Release|x86 = Release|x86
	EndGlobalSection
	GlobalSection(ProjectConfigurationPlatforms) = postSolution
		{6A0B98EF-1902-4CA9-B19A-DFD6B432E115}.Debug|Any CPU.ActiveCfg = Debug|Any CPU
		{6A0B98EF-1902-4CA9-B19A-DFD6B432E115}.Debug|Any CPU.Build.0 = Debug|Any CPU
		{6A0B98EF-1902-4CA9-B19A-DFD6B432E115}.Debug|x64.ActiveCfg = Debug|Any CPU
		{6A0B98EF-1902-4CA9-B19A-DFD6B432E115}.Debug|x64.Build.0 = Debug|Any CPU
		{6A0B98EF-1902-4CA9-B19A-DFD6B432E115}.Debug|x86.ActiveCfg = Debug|Any CPU
		{6A0B98EF-1902-4CA9-B19A-DFD6B432E115}.Debug|x86.Build.0 = Debug|Any CPU
		{6A0B98EF-1902-4CA9-B19A-DFD6B432E115}.Release|Any CPU.ActiveCfg = Release|Any CPU
		{6A0B98EF-1902-4CA9-B19A-DFD6B432E115}.Release|Any CPU.Build.0 = Release|Any CPU
		{6A0B98EF-1902-4CA9-B19A-DFD6B432E115}.Release|x64.ActiveCfg = Release|Any CPU
		{6A0B98EF-1902-4CA9-B19A-DFD6B432E115}.Release|x64.Build.0 = Release|Any CPU
		{6A0B98EF-1902-4CA9-B19A-DFD6B432E115}.Release|x86.ActiveCfg = Release|Any CPU
		{6A0B98EF-1902-4CA9-B19A-DFD6B432E115}.Release|x86.Build.0 = Release|Any CPU
		{DAEA5441-8727-4E12-BF10-109F47432DDA}.Debug|Any CPU.ActiveCfg = Debug|Any CPU
		{DAEA5441-8727-4E12-BF10-109F47432DDA}.Debug|Any CPU.Build.0 = Debug|Any CPU
		{DAEA5441-8727-4E12-BF10-109F47432DDA}.Debug|x64.ActiveCfg = Debug|Any CPU
		{DAEA5441-8727-4E12-BF10-109F47432DDA}.Debug|x64.Build.0 = Debug|Any CPU
		{DAEA5441-8727-4E12-BF10-109F47432DDA}.Debug|x86.ActiveCfg = Debug|Any CPU
		{DAEA5441-8727-4E12-BF10-109F47432DDA}.Debug|x86.Build.0 = Debug|Any CPU
		{DAEA5441-8727-4E12-BF10-109F47432DDA}.Release|Any CPU.ActiveCfg = Release|Any CPU
		{DAEA5441-8727-4E12-BF10-109F47432DDA}.Release|Any CPU.Build.0 = Release|Any CPU
		{DAEA5441-8727-4E12-BF10-109F47432DDA}.Release|x64.ActiveCfg = Release|Any CPU
		{DAEA5441-8727-4E12-BF10-109F47432DDA}.Release|x64.Build.0 = Release|Any CPU
		{DAEA5441-8727-4E12-BF10-109F47432DDA}.Release|x86.ActiveCfg = Release|Any CPU
		{DAEA5441-8727-4E12-BF10-109F47432DDA}.Release|x86.Build.0 = Release|Any CPU
		{C3FE3A9F-E7F9-486D-AC4C-86543DAA4445}.Debug|Any CPU.ActiveCfg = Debug|Any CPU
		{C3FE3A9F-E7F9-486D-AC4C-86543DAA4445}.Debug|Any CPU.Build.0 = Debug|Any CPU
		{C3FE3A9F-E7F9-486D-AC4C-86543DAA4445}.Debug|x64.ActiveCfg = Debug|Any CPU
		{C3FE3A9F-E7F9-486D-AC4C-86543DAA4445}.Debug|x64.Build.0 = Debug|Any CPU
		{C3FE3A9F-E7F9-486D-AC4C-86543DAA4445}.Debug|x86.ActiveCfg = Debug|Any CPU
		{C3FE3A9F-E7F9-486D-AC4C-86543DAA4445}.Debug|x86.Build.0 = Debug|Any CPU
		{C3FE3A9F-E7F9-486D-AC4C-86543DAA4445}.Release|Any CPU.ActiveCfg = Release|Any CPU
		{C3FE3A9F-E7F9-486D-AC4C-86543DAA4445}.Release|Any CPU.Build.0 = Release|Any CPU
		{C3FE3A9F-E7F9-486D-AC4C-86543DAA4445}.Release|x64.ActiveCfg = Release|Any CPU
		{C3FE3A9F-E7F9-486D-AC4C-86543DAA4445}.Release|x64.Build.0 = Release|Any CPU
		{C3FE3A9F-E7F9-486D-AC4C-86543DAA4445}.Release|x86.ActiveCfg = Release|Any CPU
		{C3FE3A9F-E7F9-486D-AC4C-86543DAA4445}.Release|x86.Build.0 = Release|Any CPU
		{C0E95DA8-7626-4FF2-AFE6-306D5528BA2C}.Debug|Any CPU.ActiveCfg = Debug|Any CPU
		{C0E95DA8-7626-4FF2-AFE6-306D5528BA2C}.Debug|Any CPU.Build.0 = Debug|Any CPU
		{C0E95DA8-7626-4FF2-AFE6-306D5528BA2C}.Debug|x64.ActiveCfg = Debug|Any CPU
		{C0E95DA8-7626-4FF2-AFE6-306D5528BA2C}.Debug|x64.Build.0 = Debug|Any CPU
		{C0E95DA8-7626-4FF2-AFE6-306D5528BA2C}.Debug|x86.ActiveCfg = Debug|Any CPU
		{C0E95DA8-7626-4FF2-AFE6-306D5528BA2C}.Debug|x86.Build.0 = Debug|Any CPU
		{C0E95DA8-7626-4FF2-AFE6-306D5528BA2C}.Release|Any CPU.ActiveCfg = Release|Any CPU
		{C0E95DA8-7626-4FF2-AFE6-306D5528BA2C}.Release|Any CPU.Build.0 = Release|Any CPU
		{C0E95DA8-7626-4FF2-AFE6-306D5528BA2C}.Release|x64.ActiveCfg = Release|Any CPU
		{C0E95DA8-7626-4FF2-AFE6-306D5528BA2C}.Release|x64.Build.0 = Release|Any CPU
		{C0E95DA8-7626-4FF2-AFE6-306D5528BA2C}.Release|x86.ActiveCfg = Release|Any CPU
		{C0E95DA8-7626-4FF2-AFE6-306D5528BA2C}.Release|x86.Build.0 = Release|Any CPU
		{2925D466-2B12-462D-AB72-A206452C1463}.Debug|Any CPU.ActiveCfg = Debug|Any CPU
		{2925D466-2B12-462D-AB72-A206452C1463}.Debug|Any CPU.Build.0 = Debug|Any CPU
		{2925D466-2B12-462D-AB72-A206452C1463}.Debug|x64.ActiveCfg = Debug|Any CPU
		{2925D466-2B12-462D-AB72-A206452C1463}.Debug|x64.Build.0 = Debug|Any CPU
		{2925D466-2B12-462D-AB72-A206452C1463}.Debug|x86.ActiveCfg = Debug|Any CPU
		{2925D466-2B12-462D-AB72-A206452C1463}.Debug|x86.Build.0 = Debug|Any CPU
		{2925D466-2B12-462D-AB72-A206452C1463}.Release|Any CPU.ActiveCfg = Release|Any CPU
		{2925D466-2B12-462D-AB72-A206452C1463}.Release|Any CPU.Build.0 = Release|Any CPU
		{2925D466-2B12-462D-AB72-A206452C1463}.Release|x64.ActiveCfg = Release|Any CPU
		{2925D466-2B12-462D-AB72-A206452C1463}.Release|x64.Build.0 = Release|Any CPU
		{2925D466-2B12-462D-AB72-A206452C1463}.Release|x86.ActiveCfg = Release|Any CPU
		{2925D466-2B12-462D-AB72-A206452C1463}.Release|x86.Build.0 = Release|Any CPU
		{6D5E4CD4-B0A4-455D-AE7E-4B45D3FCCD26}.Debug|Any CPU.ActiveCfg = Debug|Any CPU
		{6D5E4CD4-B0A4-455D-AE7E-4B45D3FCCD26}.Debug|Any CPU.Build.0 = Debug|Any CPU
		{6D5E4CD4-B0A4-455D-AE7E-4B45D3FCCD26}.Debug|x64.ActiveCfg = Debug|Any CPU
		{6D5E4CD4-B0A4-455D-AE7E-4B45D3FCCD26}.Debug|x64.Build.0 = Debug|Any CPU
		{6D5E4CD4-B0A4-455D-AE7E-4B45D3FCCD26}.Debug|x86.ActiveCfg = Debug|Any CPU
		{6D5E4CD4-B0A4-455D-AE7E-4B45D3FCCD26}.Debug|x86.Build.0 = Debug|Any CPU
		{6D5E4CD4-B0A4-455D-AE7E-4B45D3FCCD26}.Release|Any CPU.ActiveCfg = Release|Any CPU
		{6D5E4CD4-B0A4-455D-AE7E-4B45D3FCCD26}.Release|Any CPU.Build.0 = Release|Any CPU
		{6D5E4CD4-B0A4-455D-AE7E-4B45D3FCCD26}.Release|x64.ActiveCfg = Release|Any CPU
		{6D5E4CD4-B0A4-455D-AE7E-4B45D3FCCD26}.Release|x64.Build.0 = Release|Any CPU
		{6D5E4CD4-B0A4-455D-AE7E-4B45D3FCCD26}.Release|x86.ActiveCfg = Release|Any CPU
		{6D5E4CD4-B0A4-455D-AE7E-4B45D3FCCD26}.Release|x86.Build.0 = Release|Any CPU
		{C35BFBB9-5B69-47D3-A7F6-91445C1D1E7A}.Debug|Any CPU.ActiveCfg = Debug|Any CPU
		{C35BFBB9-5B69-47D3-A7F6-91445C1D1E7A}.Debug|Any CPU.Build.0 = Debug|Any CPU
		{C35BFBB9-5B69-47D3-A7F6-91445C1D1E7A}.Debug|x64.ActiveCfg = Debug|Any CPU
		{C35BFBB9-5B69-47D3-A7F6-91445C1D1E7A}.Debug|x64.Build.0 = Debug|Any CPU
		{C35BFBB9-5B69-47D3-A7F6-91445C1D1E7A}.Debug|x86.ActiveCfg = Debug|Any CPU
		{C35BFBB9-5B69-47D3-A7F6-91445C1D1E7A}.Debug|x86.Build.0 = Debug|Any CPU
		{C35BFBB9-5B69-47D3-A7F6-91445C1D1E7A}.Release|Any CPU.ActiveCfg = Release|Any CPU
		{C35BFBB9-5B69-47D3-A7F6-91445C1D1E7A}.Release|Any CPU.Build.0 = Release|Any CPU
		{C35BFBB9-5B69-47D3-A7F6-91445C1D1E7A}.Release|x64.ActiveCfg = Release|Any CPU
		{C35BFBB9-5B69-47D3-A7F6-91445C1D1E7A}.Release|x64.Build.0 = Release|Any CPU
		{C35BFBB9-5B69-47D3-A7F6-91445C1D1E7A}.Release|x86.ActiveCfg = Release|Any CPU
		{C35BFBB9-5B69-47D3-A7F6-91445C1D1E7A}.Release|x86.Build.0 = Release|Any CPU
	EndGlobalSection
	GlobalSection(SolutionProperties) = preSolution
		HideSolutionNode = FALSE
	EndGlobalSection
EndGlobal
